
Microsoft Visual Studio Solution File, Format Version 12.00
# Visual Studio 15
VisualStudioVersion = 15.0.27703.2042
MinimumVisualStudioVersion = 10.0.40219.1
Project("{FAE04EC0-301F-11D3-BF4B-00C04F79EFBC}") = "MeetupSwaggerASP.NET", "MeetupSwaggerASP.NET\MeetupSwaggerASP.NET.csproj", "{A5BD8CBB-DC89-4218-B78D-D46B1AD1C2D4}"
EndProject
Global
	GlobalSection(SolutionConfigurationPlatforms) = preSolution
		Debug|Any CPU = Debug|Any CPU
		Release|Any CPU = Release|Any CPU
	EndGlobalSection
	GlobalSection(ProjectConfigurationPlatforms) = postSolution
		{A5BD8CBB-DC89-4218-B78D-D46B1AD1C2D4}.Debug|Any CPU.ActiveCfg = Debug|Any CPU
		{A5BD8CBB-DC89-4218-B78D-D46B1AD1C2D4}.Debug|Any CPU.Build.0 = Debug|Any CPU
		{A5BD8CBB-DC89-4218-B78D-D46B1AD1C2D4}.Release|Any CPU.ActiveCfg = Release|Any CPU
		{A5BD8CBB-DC89-4218-B78D-D46B1AD1C2D4}.Release|Any CPU.Build.0 = Release|Any CPU
	EndGlobalSection
	GlobalSection(SolutionProperties) = preSolution
		HideSolutionNode = FALSE
	EndGlobalSection
	GlobalSection(ExtensibilityGlobals) = postSolution
		SolutionGuid = {47DD24DB-1A21-4D74-80B3-612750D25890}
	EndGlobalSection
EndGlobal
